
Microsoft Visual Studio Solution File, Format Version 12.00
# Visual Studio Version 16
VisualStudioVersion = 16.0.30611.23
MinimumVisualStudioVersion = 10.0.40219.1
Project("{FAE04EC0-301F-11D3-BF4B-00C04F79EFBC}") = "Kémia", "Kémia.csproj", "{C825DC8C-57F5-4DE2-A9D1-EB1D3AF45CAE}"
EndProject
Global
	GlobalSection(SolutionConfigurationPlatforms) = preSolution
		Debug|Any CPU = Debug|Any CPU
		Release|Any CPU = Release|Any CPU
	EndGlobalSection
	GlobalSection(ProjectConfigurationPlatforms) = postSolution
		{C825DC8C-57F5-4DE2-A9D1-EB1D3AF45CAE}.Debug|Any CPU.ActiveCfg = Debug|Any CPU
		{C825DC8C-57F5-4DE2-A9D1-EB1D3AF45CAE}.Debug|Any CPU.Build.0 = Debug|Any CPU
		{C825DC8C-57F5-4DE2-A9D1-EB1D3AF45CAE}.Release|Any CPU.ActiveCfg = Release|Any CPU
		{C825DC8C-57F5-4DE2-A9D1-EB1D3AF45CAE}.Release|Any CPU.Build.0 = Release|Any CPU
	EndGlobalSection
	GlobalSection(SolutionProperties) = preSolution
		HideSolutionNode = FALSE
	EndGlobalSection
	GlobalSection(ExtensibilityGlobals) = postSolution
		SolutionGuid = {6E7D3843-67D5-4CA3-A4E2-B79D759E9517}
	EndGlobalSection
EndGlobal
