
Microsoft Visual Studio Solution File, Format Version 12.00
# Visual Studio Version 16
VisualStudioVersion = 16.0.31911.196
MinimumVisualStudioVersion = 10.0.40219.1
Project("{FAE04EC0-301F-11D3-BF4B-00C04F79EFBC}") = "Hellsinki2017", "Hellsinki2017.csproj", "{4CCB90AA-0F3B-47B1-AA28-FD11E4BB70C0}"
EndProject
Global
	GlobalSection(SolutionConfigurationPlatforms) = preSolution
		Debug|Any CPU = Debug|Any CPU
		Release|Any CPU = Release|Any CPU
	EndGlobalSection
	GlobalSection(ProjectConfigurationPlatforms) = postSolution
		{4CCB90AA-0F3B-47B1-AA28-FD11E4BB70C0}.Debug|Any CPU.ActiveCfg = Debug|Any CPU
		{4CCB90AA-0F3B-47B1-AA28-FD11E4BB70C0}.Debug|Any CPU.Build.0 = Debug|Any CPU
		{4CCB90AA-0F3B-47B1-AA28-FD11E4BB70C0}.Release|Any CPU.ActiveCfg = Release|Any CPU
		{4CCB90AA-0F3B-47B1-AA28-FD11E4BB70C0}.Release|Any CPU.Build.0 = Release|Any CPU
	EndGlobalSection
	GlobalSection(SolutionProperties) = preSolution
		HideSolutionNode = FALSE
	EndGlobalSection
	GlobalSection(ExtensibilityGlobals) = postSolution
		SolutionGuid = {450C1F96-3004-42C1-8E8B-E02C59D87E86}
	EndGlobalSection
EndGlobal
