
Microsoft Visual Studio Solution File, Format Version 12.00
# Visual Studio Version 17
VisualStudioVersion = 17.3.32929.385
MinimumVisualStudioVersion = 10.0.40219.1
Project("{FAE04EC0-301F-11D3-BF4B-00C04F79EFBC}") = "Hazi-Szamla", "Hazi-Szamla\Hazi-Szamla.csproj", "{1E3DE2C8-7BEA-4C5F-B8B8-B6A0634B762E}"
EndProject
Global
	GlobalSection(SolutionConfigurationPlatforms) = preSolution
		Debug|Any CPU = Debug|Any CPU
		Release|Any CPU = Release|Any CPU
	EndGlobalSection
	GlobalSection(ProjectConfigurationPlatforms) = postSolution
		{1E3DE2C8-7BEA-4C5F-B8B8-B6A0634B762E}.Debug|Any CPU.ActiveCfg = Debug|Any CPU
		{1E3DE2C8-7BEA-4C5F-B8B8-B6A0634B762E}.Debug|Any CPU.Build.0 = Debug|Any CPU
		{1E3DE2C8-7BEA-4C5F-B8B8-B6A0634B762E}.Release|Any CPU.ActiveCfg = Release|Any CPU
		{1E3DE2C8-7BEA-4C5F-B8B8-B6A0634B762E}.Release|Any CPU.Build.0 = Release|Any CPU
	EndGlobalSection
	GlobalSection(SolutionProperties) = preSolution
		HideSolutionNode = FALSE
	EndGlobalSection
	GlobalSection(ExtensibilityGlobals) = postSolution
		SolutionGuid = {6B3A14D3-77EE-4AE0-A659-6976FB460AB4}
	EndGlobalSection
EndGlobal
