
Microsoft Visual Studio Solution File, Format Version 12.00
# Visual Studio Version 16
VisualStudioVersion = 16.0.30611.23
MinimumVisualStudioVersion = 10.0.40219.1
Project("{FAE04EC0-301F-11D3-BF4B-00C04F79EFBC}") = "WinForms", "WinForms\WinForms.csproj", "{59A7C91E-01EE-4AC3-8A63-73EC35B6E864}"
EndProject
Global
	GlobalSection(SolutionConfigurationPlatforms) = preSolution
		Debug|Any CPU = Debug|Any CPU
		Release|Any CPU = Release|Any CPU
	EndGlobalSection
	GlobalSection(ProjectConfigurationPlatforms) = postSolution
		{59A7C91E-01EE-4AC3-8A63-73EC35B6E864}.Debug|Any CPU.ActiveCfg = Debug|Any CPU
		{59A7C91E-01EE-4AC3-8A63-73EC35B6E864}.Debug|Any CPU.Build.0 = Debug|Any CPU
		{59A7C91E-01EE-4AC3-8A63-73EC35B6E864}.Release|Any CPU.ActiveCfg = Release|Any CPU
		{59A7C91E-01EE-4AC3-8A63-73EC35B6E864}.Release|Any CPU.Build.0 = Release|Any CPU
	EndGlobalSection
	GlobalSection(SolutionProperties) = preSolution
		HideSolutionNode = FALSE
	EndGlobalSection
	GlobalSection(ExtensibilityGlobals) = postSolution
		SolutionGuid = {099D477C-7A04-4D86-B198-244FEEC41902}
	EndGlobalSection
EndGlobal
